
Microsoft Visual Studio Solution File, Format Version 12.00
# Visual Studio Version 17
VisualStudioVersion = 17.9.34526.213
MinimumVisualStudioVersion = 10.0.40219.1
Project("{FAE04EC0-301F-11D3-BF4B-00C04F79EFBC}") = "MauiApp1", "MauiApp1\MauiApp1.csproj", "{54AF3070-33CA-4349-8DFD-27EE17D45157}"
EndProject
Global
	GlobalSection(SolutionConfigurationPlatforms) = preSolution
		Debug|Any CPU = Debug|Any CPU
		Release|Any CPU = Release|Any CPU
	EndGlobalSection
	GlobalSection(ProjectConfigurationPlatforms) = postSolution
		{54AF3070-33CA-4349-8DFD-27EE17D45157}.Debug|Any CPU.ActiveCfg = Debug|Any CPU
		{54AF3070-33CA-4349-8DFD-27EE17D45157}.Debug|Any CPU.Build.0 = Debug|Any CPU
		{54AF3070-33CA-4349-8DFD-27EE17D45157}.Debug|Any CPU.Deploy.0 = Debug|Any CPU
		{54AF3070-33CA-4349-8DFD-27EE17D45157}.Release|Any CPU.ActiveCfg = Release|Any CPU
		{54AF3070-33CA-4349-8DFD-27EE17D45157}.Release|Any CPU.Build.0 = Release|Any CPU
		{54AF3070-33CA-4349-8DFD-27EE17D45157}.Release|Any CPU.Deploy.0 = Release|Any CPU
	EndGlobalSection
	GlobalSection(SolutionProperties) = preSolution
		HideSolutionNode = FALSE
	EndGlobalSection
	GlobalSection(ExtensibilityGlobals) = postSolution
		SolutionGuid = {2238900A-1600-43CD-A939-467FB6A00C1B}
	EndGlobalSection
EndGlobal
